// !$*UTF8*$!
{
	archiveVersion = 1;
	classes = {
	};
	objectVersion = 56;
	objects = {

/* Begin PBXBuildFile section */
		87153EBC2A667BBE009C2084 /* FFStackPrimary.swift in Sources */ = {isa = PBXBuildFile; fileRef = 87153EBB2A667BBE009C2084 /* FFStackPrimary.swift */; };
		87153EBE2A667F09009C2084 /* FFStackSpacingAndAlignment.swift in Sources */ = {isa = PBXBuildFile; fileRef = 87153EBD2A667F09009C2084 /* FFStackSpacingAndAlignment.swift */; };
		87153EC02A668205009C2084 /* FFStackSpacer.swift in Sources */ = {isa = PBXBuildFile; fileRef = 87153EBF2A668205009C2084 /* FFStackSpacer.swift */; };
		872DC0A72A67F92A00320AB2 /* FFScrollVIewContent.swift in Sources */ = {isa = PBXBuildFile; fileRef = 872DC0A62A67F92A00320AB2 /* FFScrollVIewContent.swift */; };
		872DC0A92A67FBDB00320AB2 /* FFScrollViewFlash.swift in Sources */ = {isa = PBXBuildFile; fileRef = 872DC0A82A67FBDB00320AB2 /* FFScrollViewFlash.swift */; };
		872DC0AB2A67FEBF00320AB2 /* FFScrollViewSnap.swift in Sources */ = {isa = PBXBuildFile; fileRef = 872DC0AA2A67FEBF00320AB2 /* FFScrollViewSnap.swift */; };
		872DC0AD2A68030D00320AB2 /* FFScrollViewTransition.swift in Sources */ = {isa = PBXBuildFile; fileRef = 872DC0AC2A68030D00320AB2 /* FFScrollViewTransition.swift */; };
		872DC0AF2A68088B00320AB2 /* FFScrollViewStartBottom.swift in Sources */ = {isa = PBXBuildFile; fileRef = 872DC0AE2A68088B00320AB2 /* FFScrollViewStartBottom.swift */; };
		872DC0B12A680A4700320AB2 /* FFScrollViewOverFlow.swift in Sources */ = {isa = PBXBuildFile; fileRef = 872DC0B02A680A4700320AB2 /* FFScrollViewOverFlow.swift */; };
		873B8A3A2A5E8A9300394245 /* FFImageRemoteUrl.swift in Sources */ = {isa = PBXBuildFile; fileRef = 873B8A392A5E8A9300394245 /* FFImageRemoteUrl.swift */; };
		873B8A3C2A5E9C8200394245 /* FFImageTransparency.swift in Sources */ = {isa = PBXBuildFile; fileRef = 873B8A3B2A5E9C8200394245 /* FFImageTransparency.swift */; };
		873B8A3E2A5EA13300394245 /* FFImageDynamicColor.swift in Sources */ = {isa = PBXBuildFile; fileRef = 873B8A3D2A5EA13300394245 /* FFImageDynamicColor.swift */; };
		873B8A402A5EA7DB00394245 /* FFImagePhotosPicker.swift in Sources */ = {isa = PBXBuildFile; fileRef = 873B8A3F2A5EA7DB00394245 /* FFImagePhotosPicker.swift */; };
		873B8A422A5EB18F00394245 /* FFImageVideo.swift in Sources */ = {isa = PBXBuildFile; fileRef = 873B8A412A5EB18F00394245 /* FFImageVideo.swift */; };
		873B8A442A5EBD5D00394245 /* FFSFAminate.swift in Sources */ = {isa = PBXBuildFile; fileRef = 873B8A432A5EBD5D00394245 /* FFSFAminate.swift */; };
		873B8A462A5F814F00394245 /* FFColorWithGETRGB.swift in Sources */ = {isa = PBXBuildFile; fileRef = 873B8A452A5F814F00394245 /* FFColorWithGETRGB.swift */; };
		873B8A482A5F885000394245 /* FFCombinShape.swift in Sources */ = {isa = PBXBuildFile; fileRef = 873B8A472A5F885000394245 /* FFCombinShape.swift */; };
		873B8A4A2A5F8D6C00394245 /* SwiftCustomColorWithAsset.swift in Sources */ = {isa = PBXBuildFile; fileRef = 873B8A492A5F8D6C00394245 /* SwiftCustomColorWithAsset.swift */; };
		873B8A4C2A5F955300394245 /* Temp.swift in Sources */ = {isa = PBXBuildFile; fileRef = 873B8A4B2A5F955300394245 /* Temp.swift */; };
		873DE21F2A668C2900771D3F /* FFStackSpacerFixedsize.swift in Sources */ = {isa = PBXBuildFile; fileRef = 873DE21E2A668C2900771D3F /* FFStackSpacerFixedsize.swift */; };
		873DE2212A66930900771D3F /* FFStackZ.swift in Sources */ = {isa = PBXBuildFile; fileRef = 873DE2202A66930900771D3F /* FFStackZ.swift */; };
		874710C02A65431500C073E0 /* FFViewDynamicallyChange.swift in Sources */ = {isa = PBXBuildFile; fileRef = 874710BF2A65431500C073E0 /* FFViewDynamicallyChange.swift */; };
		874AF7FC2A6929990094E1A3 /* File.swift in Sources */ = {isa = PBXBuildFile; fileRef = 874AF7FB2A6929990094E1A3 /* File.swift */; };
		875DD9832A6550C10061D9FB /* FFViewLayoutProtocol.swift in Sources */ = {isa = PBXBuildFile; fileRef = 875DD9822A6550C10061D9FB /* FFViewLayoutProtocol.swift */; };
		875DD9852A6558F70061D9FB /* FFViewThatFIts.swift in Sources */ = {isa = PBXBuildFile; fileRef = 875DD9842A6558F70061D9FB /* FFViewThatFIts.swift */; };
		875DD9872A6560CF0061D9FB /* FFViewAddPaddingForSafeArea.swift in Sources */ = {isa = PBXBuildFile; fileRef = 875DD9862A6560CF0061D9FB /* FFViewAddPaddingForSafeArea.swift */; };
		875DD9892A6563BD0061D9FB /* FFViewDynamicallyAppearance.swift in Sources */ = {isa = PBXBuildFile; fileRef = 875DD9882A6563BD0061D9FB /* FFViewDynamicallyAppearance.swift */; };
		875DD98B2A6566DA0061D9FB /* FFViewDynamicallyAppearanceRota.swift in Sources */ = {isa = PBXBuildFile; fileRef = 875DD98A2A6566DA0061D9FB /* FFViewDynamicallyAppearanceRota.swift */; };
		875DD98D2A6568920061D9FB /* FFViewContainerSize.swift in Sources */ = {isa = PBXBuildFile; fileRef = 875DD98C2A6568920061D9FB /* FFViewContainerSize.swift */; };
		876C942D2A6E26D600C6AD8B /* FFState.swift in Sources */ = {isa = PBXBuildFile; fileRef = 876C942C2A6E26D600C6AD8B /* FFState.swift */; };
		876C942F2A6E494E00C6AD8B /* FFTappableButton.swift in Sources */ = {isa = PBXBuildFile; fileRef = 876C942E2A6E494E00C6AD8B /* FFTappableButton.swift */; };
		876C94312A6E4F0800C6AD8B /* FFDisableOverlay.swift in Sources */ = {isa = PBXBuildFile; fileRef = 876C94302A6E4F0800C6AD8B /* FFDisableOverlay.swift */; };
		876C94332A6E53E400C6AD8B /* FFButtonsBordered.swift in Sources */ = {isa = PBXBuildFile; fileRef = 876C94322A6E53E400C6AD8B /* FFButtonsBordered.swift */; };
		876C94352A6E559F00C6AD8B /* FFControlGroup.swift in Sources */ = {isa = PBXBuildFile; fileRef = 876C94342A6E559F00C6AD8B /* FFControlGroup.swift */; };
		876C94372A6E588300C6AD8B /* FFTextFieldRead.swift in Sources */ = {isa = PBXBuildFile; fileRef = 876C94362A6E588300C6AD8B /* FFTextFieldRead.swift */; };
		876C94392A6E5A7800C6AD8B /* FFTextFieldSubmit.swift in Sources */ = {isa = PBXBuildFile; fileRef = 876C94382A6E5A7800C6AD8B /* FFTextFieldSubmit.swift */; };
		8788B4382A669D3B0083A85B /* FFStackZIndex.swift in Sources */ = {isa = PBXBuildFile; fileRef = 8788B4372A669D3B0083A85B /* FFStackZIndex.swift */; };
		8788B43A2A66A0070083A85B /* FFLayoutsSizeClasses.swift in Sources */ = {isa = PBXBuildFile; fileRef = 8788B4392A66A0070083A85B /* FFLayoutsSizeClasses.swift */; };
		8788B43C2A66B3D80083A85B /* FFStackAutomaticallySwitch.swift in Sources */ = {isa = PBXBuildFile; fileRef = 8788B43B2A66B3D80083A85B /* FFStackAutomaticallySwitch.swift */; };
		8788B43E2A66BC900083A85B /* FFScrollViewScrolling.swift in Sources */ = {isa = PBXBuildFile; fileRef = 8788B43D2A66BC900083A85B /* FFScrollViewScrolling.swift */; };
		8788B4402A66BFE20083A85B /* FFScrollViewReader.swift in Sources */ = {isa = PBXBuildFile; fileRef = 8788B43F2A66BFE20083A85B /* FFScrollViewReader.swift */; };
		8788B4422A6775520083A85B /* FFStack3DEffects.swift in Sources */ = {isa = PBXBuildFile; fileRef = 8788B4412A6775520083A85B /* FFStack3DEffects.swift */; };
		879AC3F82A67C4A0001B3C43 /* FFGirdPosition.swift in Sources */ = {isa = PBXBuildFile; fileRef = 879AC3F72A67C4A0001B3C43 /* FFGirdPosition.swift */; };
		879AC3FA2A67CEBC001B3C43 /* FFLazyGridPosition.swift in Sources */ = {isa = PBXBuildFile; fileRef = 879AC3F92A67CEBC001B3C43 /* FFLazyGridPosition.swift */; };
		879AC3FC2A67D686001B3C43 /* FFScrollViewDismissKeyboard.swift in Sources */ = {isa = PBXBuildFile; fileRef = 879AC3FB2A67D686001B3C43 /* FFScrollViewDismissKeyboard.swift */; };
		879AC3FE2A67DA8F001B3C43 /* FFScrollViewHideIndicators.swift in Sources */ = {isa = PBXBuildFile; fileRef = 879AC3FD2A67DA8F001B3C43 /* FFScrollViewHideIndicators.swift */; };
		879AC4002A67DCB5001B3C43 /* FFTableColumn.swift in Sources */ = {isa = PBXBuildFile; fileRef = 879AC3FF2A67DCB5001B3C43 /* FFTableColumn.swift */; };
		87A0AB612A6E6DD600772404 /* FFCustomSubmit.swift in Sources */ = {isa = PBXBuildFile; fileRef = 87A0AB602A6E6DD600772404 /* FFCustomSubmit.swift */; };
		87B7D73E2A650A10006049A7 /* FFViewSafeArea.swift in Sources */ = {isa = PBXBuildFile; fileRef = 87B7D73D2A650A10006049A7 /* FFViewSafeArea.swift */; };
		87B7D7402A650CB9006049A7 /* FFViewType.swift in Sources */ = {isa = PBXBuildFile; fileRef = 87B7D73F2A650CB9006049A7 /* FFViewType.swift */; };
		87B7D7422A651386006049A7 /* FFViewForEach.swift in Sources */ = {isa = PBXBuildFile; fileRef = 87B7D7412A651386006049A7 /* FFViewForEach.swift */; };
		87B7D7442A651BE5006049A7 /* FFViewLayoutPriority.swift in Sources */ = {isa = PBXBuildFile; fileRef = 87B7D7432A651BE5006049A7 /* FFViewLayoutPriority.swift */; };
		87B7D7462A651E86006049A7 /* FFViewSameWidthHeight.swift in Sources */ = {isa = PBXBuildFile; fileRef = 87B7D7452A651E86006049A7 /* FFViewSameWidthHeight.swift */; };
		87B7D7482A652272006049A7 /* FFViewForegroundStyle.swift in Sources */ = {isa = PBXBuildFile; fileRef = 87B7D7472A652272006049A7 /* FFViewForegroundStyle.swift */; };
		87B7D74A2A652650006049A7 /* FFViewInsertSafeArea.swift in Sources */ = {isa = PBXBuildFile; fileRef = 87B7D7492A652650006049A7 /* FFViewInsertSafeArea.swift */; };
		87D07C032A64DDCC006F81AE /* FFViewCustomLayout.swift in Sources */ = {isa = PBXBuildFile; fileRef = 87D07C022A64DDCC006F81AE /* FFViewCustomLayout.swift */; };
		87D07C052A64E167006F81AE /* FFViewPadding.swift in Sources */ = {isa = PBXBuildFile; fileRef = 87D07C042A64E167006F81AE /* FFViewPadding.swift */; };
		87D07C072A64E3C9006F81AE /* FFViewGeometryReader.swift in Sources */ = {isa = PBXBuildFile; fileRef = 87D07C062A64E3C9006F81AE /* FFViewGeometryReader.swift */; };
		87E25F882A678C7D007B76AE /* FFStackWithLazy.swift in Sources */ = {isa = PBXBuildFile; fileRef = 87E25F872A678C7D007B76AE /* FFStackWithLazy.swift */; };
		87EB0D232A653153006F32D4 /* FFViewhideSystemUI.swift in Sources */ = {isa = PBXBuildFile; fileRef = 87EB0D222A653153006F32D4 /* FFViewhideSystemUI.swift */; };
		87EB0D252A653344006F32D4 /* FFViewGestures.swift in Sources */ = {isa = PBXBuildFile; fileRef = 87EB0D242A653344006F32D4 /* FFViewGestures.swift */; };
		87EC14E92A5BA7D50065B715 /* FFModifierApp.swift in Sources */ = {isa = PBXBuildFile; fileRef = 87EC14E82A5BA7D50065B715 /* FFModifierApp.swift */; };
		87EC14EB2A5BA7D50065B715 /* ContentView.swift in Sources */ = {isa = PBXBuildFile; fileRef = 87EC14EA2A5BA7D50065B715 /* ContentView.swift */; };
		87EC14ED2A5BA7D60065B715 /* Assets.xcassets in Resources */ = {isa = PBXBuildFile; fileRef = 87EC14EC2A5BA7D60065B715 /* Assets.xcassets */; };
		87EC14F02A5BA7D60065B715 /* Preview Assets.xcassets in Resources */ = {isa = PBXBuildFile; fileRef = 87EC14EF2A5BA7D60065B715 /* Preview Assets.xcassets */; };
		87EC14F82A5BDB400065B715 /* FFTextAlignment.swift in Sources */ = {isa = PBXBuildFile; fileRef = 87EC14F72A5BDB400065B715 /* FFTextAlignment.swift */; };
		87EC14FA2A5BDDEA0065B715 /* FFTextFormat.swift in Sources */ = {isa = PBXBuildFile; fileRef = 87EC14F92A5BDDEA0065B715 /* FFTextFormat.swift */; };
		87ECEAFD2A5C17E50092C522 /* FFTextAddSpacing.swift in Sources */ = {isa = PBXBuildFile; fileRef = 87ECEAFC2A5C17E50092C522 /* FFTextAddSpacing.swift */; };
		87ECEAFF2A5C1C8A0092C522 /* FFTextDataFormat.swift in Sources */ = {isa = PBXBuildFile; fileRef = 87ECEAFE2A5C1C8A0092C522 /* FFTextDataFormat.swift */; };
		87ECEB012A5C1FD40092C522 /* FFTextField.swift in Sources */ = {isa = PBXBuildFile; fileRef = 87ECEB002A5C1FD40092C522 /* FFTextField.swift */; };
		87ECEB032A5C217C0092C522 /* FFLabel.swift in Sources */ = {isa = PBXBuildFile; fileRef = 87ECEB022A5C217C0092C522 /* FFLabel.swift */; };
		87ECEB052A5C245F0092C522 /* FFTextPlaceholder.swift in Sources */ = {isa = PBXBuildFile; fileRef = 87ECEB042A5C245F0092C522 /* FFTextPlaceholder.swift */; };
		87ECEB072A5C2B630092C522 /* FFTextPrivasySensitive.swift in Sources */ = {isa = PBXBuildFile; fileRef = 87ECEB062A5C2B630092C522 /* FFTextPrivasySensitive.swift */; };
		87ECEB092A5C2D9F0092C522 /* FFTextMarkdown.swift in Sources */ = {isa = PBXBuildFile; fileRef = 87ECEB082A5C2D9F0092C522 /* FFTextMarkdown.swift */; };
		87ECEB0B2A5C315F0092C522 /* FFCustomizeLinks.swift in Sources */ = {isa = PBXBuildFile; fileRef = 87ECEB0A2A5C315F0092C522 /* FFCustomizeLinks.swift */; };
		87ECEB0D2A5CE05C0092C522 /* FFTextUsersSelect.swift in Sources */ = {isa = PBXBuildFile; fileRef = 87ECEB0C2A5CE05C0092C522 /* FFTextUsersSelect.swift */; };
		87ECEB142A5D2C010092C522 /* FFImage.swift in Sources */ = {isa = PBXBuildFile; fileRef = 87ECEB132A5D2C010092C522 /* FFImage.swift */; };
		87ECEB162A5D30250092C522 /* FFImagefitToSpace.swift in Sources */ = {isa = PBXBuildFile; fileRef = 87ECEB152A5D30250092C522 /* FFImagefitToSpace.swift */; };
		87ECEB182A5D398C0092C522 /* FFImagetile.swift in Sources */ = {isa = PBXBuildFile; fileRef = 87ECEB172A5D398C0092C522 /* FFImagetile.swift */; };
		87ECEB1A2A5D3BFE0092C522 /* FFImageSFSymbols.swift in Sources */ = {isa = PBXBuildFile; fileRef = 87ECEB192A5D3BFE0092C522 /* FFImageSFSymbols.swift */; };
		87ECEB1C2A5D41A30092C522 /* FFImageGradients.swift in Sources */ = {isa = PBXBuildFile; fileRef = 87ECEB1B2A5D41A30092C522 /* FFImageGradients.swift */; };
		87ECEB1E2A5D4E020092C522 /* FFImageBackgrounds.swift in Sources */ = {isa = PBXBuildFile; fileRef = 87ECEB1D2A5D4E020092C522 /* FFImageBackgrounds.swift */; };
		87ECEB202A5D64450092C522 /* FFImageShapes.swift in Sources */ = {isa = PBXBuildFile; fileRef = 87ECEB1F2A5D64450092C522 /* FFImageShapes.swift */; };
		87ECEB222A5D66730092C522 /* FFImageStorkeShapes.swift in Sources */ = {isa = PBXBuildFile; fileRef = 87ECEB212A5D66730092C522 /* FFImageStorkeShapes.swift */; };
		87ECEB242A5D6ACC0092C522 /* FFImageContainerRelativeShape.swift in Sources */ = {isa = PBXBuildFile; fileRef = 87ECEB232A5D6ACC0092C522 /* FFImageContainerRelativeShape.swift */; };
		87ECEB262A5D6AF20092C522 /* FFImageShapeTrim.swift in Sources */ = {isa = PBXBuildFile; fileRef = 87ECEB252A5D6AF20092C522 /* FFImageShapeTrim.swift */; };
		87ECEB282A5D704E0092C522 /* FFVideoPlayer.swift in Sources */ = {isa = PBXBuildFile; fileRef = 87ECEB272A5D704E0092C522 /* FFVideoPlayer.swift */; };
		87ECEB2A2A5D73290092C522 /* Video.mp4 in Resources */ = {isa = PBXBuildFile; fileRef = 87ECEB292A5D73290092C522 /* Video.mp4 */; };
		87ECEB2C2A5D75E70092C522 /* FFSpriteView.swift in Sources */ = {isa = PBXBuildFile; fileRef = 87ECEB2B2A5D75E70092C522 /* FFSpriteView.swift */; };
		87ECEB2E2A5D76F70092C522 /* FFGameScene.swift in Sources */ = {isa = PBXBuildFile; fileRef = 87ECEB2D2A5D76F70092C522 /* FFGameScene.swift */; };
/* End PBXBuildFile section */

/* Begin PBXCopyFilesBuildPhase section */
		873B8A672A5FCA3600394245 /* Embed Foundation Extensions */ = {
			isa = PBXCopyFilesBuildPhase;
			buildActionMask = 2147483647;
			dstPath = "";
			dstSubfolderSpec = 13;
			files = (
			);
			name = "Embed Foundation Extensions";
			runOnlyForDeploymentPostprocessing = 0;
		};
/* End PBXCopyFilesBuildPhase section */

/* Begin PBXFileReference section */
		87153EBB2A667BBE009C2084 /* FFStackPrimary.swift */ = {isa = PBXFileReference; lastKnownFileType = sourcecode.swift; path = FFStackPrimary.swift; sourceTree = "<group>"; };
		87153EBD2A667F09009C2084 /* FFStackSpacingAndAlignment.swift */ = {isa = PBXFileReference; lastKnownFileType = sourcecode.swift; path = FFStackSpacingAndAlignment.swift; sourceTree = "<group>"; };
		87153EBF2A668205009C2084 /* FFStackSpacer.swift */ = {isa = PBXFileReference; lastKnownFileType = sourcecode.swift; path = FFStackSpacer.swift; sourceTree = "<group>"; };
		872DC0A62A67F92A00320AB2 /* FFScrollVIewContent.swift */ = {isa = PBXFileReference; lastKnownFileType = sourcecode.swift; path = FFScrollVIewContent.swift; sourceTree = "<group>"; };
		872DC0A82A67FBDB00320AB2 /* FFScrollViewFlash.swift */ = {isa = PBXFileReference; lastKnownFileType = sourcecode.swift; path = FFScrollViewFlash.swift; sourceTree = "<group>"; };
		872DC0AA2A67FEBF00320AB2 /* FFScrollViewSnap.swift */ = {isa = PBXFileReference; lastKnownFileType = sourcecode.swift; path = FFScrollViewSnap.swift; sourceTree = "<group>"; };
		872DC0AC2A68030D00320AB2 /* FFScrollViewTransition.swift */ = {isa = PBXFileReference; lastKnownFileType = sourcecode.swift; path = FFScrollViewTransition.swift; sourceTree = "<group>"; };
		872DC0AE2A68088B00320AB2 /* FFScrollViewStartBottom.swift */ = {isa = PBXFileReference; lastKnownFileType = sourcecode.swift; path = FFScrollViewStartBottom.swift; sourceTree = "<group>"; };
		872DC0B02A680A4700320AB2 /* FFScrollViewOverFlow.swift */ = {isa = PBXFileReference; lastKnownFileType = sourcecode.swift; path = FFScrollViewOverFlow.swift; sourceTree = "<group>"; };
		873B8A392A5E8A9300394245 /* FFImageRemoteUrl.swift */ = {isa = PBXFileReference; lastKnownFileType = sourcecode.swift; path = FFImageRemoteUrl.swift; sourceTree = "<group>"; };
		873B8A3B2A5E9C8200394245 /* FFImageTransparency.swift */ = {isa = PBXFileReference; lastKnownFileType = sourcecode.swift; path = FFImageTransparency.swift; sourceTree = "<group>"; };
		873B8A3D2A5EA13300394245 /* FFImageDynamicColor.swift */ = {isa = PBXFileReference; lastKnownFileType = sourcecode.swift; path = FFImageDynamicColor.swift; sourceTree = "<group>"; };
		873B8A3F2A5EA7DB00394245 /* FFImagePhotosPicker.swift */ = {isa = PBXFileReference; lastKnownFileType = sourcecode.swift; path = FFImagePhotosPicker.swift; sourceTree = "<group>"; };
		873B8A412A5EB18F00394245 /* FFImageVideo.swift */ = {isa = PBXFileReference; lastKnownFileType = sourcecode.swift; path = FFImageVideo.swift; sourceTree = "<group>"; };
		873B8A432A5EBD5D00394245 /* FFSFAminate.swift */ = {isa = PBXFileReference; lastKnownFileType = sourcecode.swift; path = FFSFAminate.swift; sourceTree = "<group>"; };
		873B8A452A5F814F00394245 /* FFColorWithGETRGB.swift */ = {isa = PBXFileReference; lastKnownFileType = sourcecode.swift; path = FFColorWithGETRGB.swift; sourceTree = "<group>"; };
		873B8A472A5F885000394245 /* FFCombinShape.swift */ = {isa = PBXFileReference; lastKnownFileType = sourcecode.swift; path = FFCombinShape.swift; sourceTree = "<group>"; };
		873B8A492A5F8D6C00394245 /* SwiftCustomColorWithAsset.swift */ = {isa = PBXFileReference; lastKnownFileType = sourcecode.swift; path = SwiftCustomColorWithAsset.swift; sourceTree = "<group>"; };
		873B8A4B2A5F955300394245 /* Temp.swift */ = {isa = PBXFileReference; lastKnownFileType = sourcecode.swift; path = Temp.swift; sourceTree = "<group>"; };
		873B8A532A5FCA3400394245 /* WidgetKit.framework */ = {isa = PBXFileReference; lastKnownFileType = wrapper.framework; name = WidgetKit.framework; path = System/Library/Frameworks/WidgetKit.framework; sourceTree = SDKROOT; };
		873B8A552A5FCA3400394245 /* SwiftUI.framework */ = {isa = PBXFileReference; lastKnownFileType = wrapper.framework; name = SwiftUI.framework; path = System/Library/Frameworks/SwiftUI.framework; sourceTree = SDKROOT; };
		873DE21E2A668C2900771D3F /* FFStackSpacerFixedsize.swift */ = {isa = PBXFileReference; lastKnownFileType = sourcecode.swift; path = FFStackSpacerFixedsize.swift; sourceTree = "<group>"; };
		873DE2202A66930900771D3F /* FFStackZ.swift */ = {isa = PBXFileReference; lastKnownFileType = sourcecode.swift; path = FFStackZ.swift; sourceTree = "<group>"; };
		874710BF2A65431500C073E0 /* FFViewDynamicallyChange.swift */ = {isa = PBXFileReference; lastKnownFileType = sourcecode.swift; path = FFViewDynamicallyChange.swift; sourceTree = "<group>"; };
		874AF7FB2A6929990094E1A3 /* File.swift */ = {isa = PBXFileReference; lastKnownFileType = sourcecode.swift; path = File.swift; sourceTree = "<group>"; };
		875DD9822A6550C10061D9FB /* FFViewLayoutProtocol.swift */ = {isa = PBXFileReference; lastKnownFileType = sourcecode.swift; path = FFViewLayoutProtocol.swift; sourceTree = "<group>"; };
		875DD9842A6558F70061D9FB /* FFViewThatFIts.swift */ = {isa = PBXFileReference; lastKnownFileType = sourcecode.swift; path = FFViewThatFIts.swift; sourceTree = "<group>"; };
		875DD9862A6560CF0061D9FB /* FFViewAddPaddingForSafeArea.swift */ = {isa = PBXFileReference; lastKnownFileType = sourcecode.swift; path = FFViewAddPaddingForSafeArea.swift; sourceTree = "<group>"; };
		875DD9882A6563BD0061D9FB /* FFViewDynamicallyAppearance.swift */ = {isa = PBXFileReference; lastKnownFileType = sourcecode.swift; path = FFViewDynamicallyAppearance.swift; sourceTree = "<group>"; };
		875DD98A2A6566DA0061D9FB /* FFViewDynamicallyAppearanceRota.swift */ = {isa = PBXFileReference; lastKnownFileType = sourcecode.swift; path = FFViewDynamicallyAppearanceRota.swift; sourceTree = "<group>"; };
		875DD98C2A6568920061D9FB /* FFViewContainerSize.swift */ = {isa = PBXFileReference; lastKnownFileType = sourcecode.swift; path = FFViewContainerSize.swift; sourceTree = "<group>"; };
		876C942C2A6E26D600C6AD8B /* FFState.swift */ = {isa = PBXFileReference; lastKnownFileType = sourcecode.swift; path = FFState.swift; sourceTree = "<group>"; };
		876C942E2A6E494E00C6AD8B /* FFTappableButton.swift */ = {isa = PBXFileReference; lastKnownFileType = sourcecode.swift; path = FFTappableButton.swift; sourceTree = "<group>"; };
		876C94302A6E4F0800C6AD8B /* FFDisableOverlay.swift */ = {isa = PBXFileReference; lastKnownFileType = sourcecode.swift; path = FFDisableOverlay.swift; sourceTree = "<group>"; };
		876C94322A6E53E400C6AD8B /* FFButtonsBordered.swift */ = {isa = PBXFileReference; lastKnownFileType = sourcecode.swift; path = FFButtonsBordered.swift; sourceTree = "<group>"; };
		876C94342A6E559F00C6AD8B /* FFControlGroup.swift */ = {isa = PBXFileReference; lastKnownFileType = sourcecode.swift; path = FFControlGroup.swift; sourceTree = "<group>"; };
		876C94362A6E588300C6AD8B /* FFTextFieldRead.swift */ = {isa = PBXFileReference; lastKnownFileType = sourcecode.swift; path = FFTextFieldRead.swift; sourceTree = "<group>"; };
		876C94382A6E5A7800C6AD8B /* FFTextFieldSubmit.swift */ = {isa = PBXFileReference; lastKnownFileType = sourcecode.swift; path = FFTextFieldSubmit.swift; sourceTree = "<group>"; };
		8788B4372A669D3B0083A85B /* FFStackZIndex.swift */ = {isa = PBXFileReference; lastKnownFileType = sourcecode.swift; path = FFStackZIndex.swift; sourceTree = "<group>"; };
		8788B4392A66A0070083A85B /* FFLayoutsSizeClasses.swift */ = {isa = PBXFileReference; lastKnownFileType = sourcecode.swift; path = FFLayoutsSizeClasses.swift; sourceTree = "<group>"; };
		8788B43B2A66B3D80083A85B /* FFStackAutomaticallySwitch.swift */ = {isa = PBXFileReference; lastKnownFileType = sourcecode.swift; path = FFStackAutomaticallySwitch.swift; sourceTree = "<group>"; };
		8788B43D2A66BC900083A85B /* FFScrollViewScrolling.swift */ = {isa = PBXFileReference; lastKnownFileType = sourcecode.swift; path = FFScrollViewScrolling.swift; sourceTree = "<group>"; };
		8788B43F2A66BFE20083A85B /* FFScrollViewReader.swift */ = {isa = PBXFileReference; lastKnownFileType = sourcecode.swift; path = FFScrollViewReader.swift; sourceTree = "<group>"; };
		8788B4412A6775520083A85B /* FFStack3DEffects.swift */ = {isa = PBXFileReference; lastKnownFileType = sourcecode.swift; path = FFStack3DEffects.swift; sourceTree = "<group>"; };
		879AC3F72A67C4A0001B3C43 /* FFGirdPosition.swift */ = {isa = PBXFileReference; lastKnownFileType = sourcecode.swift; path = FFGirdPosition.swift; sourceTree = "<group>"; };
		879AC3F92A67CEBC001B3C43 /* FFLazyGridPosition.swift */ = {isa = PBXFileReference; lastKnownFileType = sourcecode.swift; path = FFLazyGridPosition.swift; sourceTree = "<group>"; };
		879AC3FB2A67D686001B3C43 /* FFScrollViewDismissKeyboard.swift */ = {isa = PBXFileReference; lastKnownFileType = sourcecode.swift; path = FFScrollViewDismissKeyboard.swift; sourceTree = "<group>"; };
		879AC3FD2A67DA8F001B3C43 /* FFScrollViewHideIndicators.swift */ = {isa = PBXFileReference; lastKnownFileType = sourcecode.swift; path = FFScrollViewHideIndicators.swift; sourceTree = "<group>"; };
		879AC3FF2A67DCB5001B3C43 /* FFTableColumn.swift */ = {isa = PBXFileReference; lastKnownFileType = sourcecode.swift; path = FFTableColumn.swift; sourceTree = "<group>"; };
		87A0AB602A6E6DD600772404 /* FFCustomSubmit.swift */ = {isa = PBXFileReference; lastKnownFileType = sourcecode.swift; path = FFCustomSubmit.swift; sourceTree = "<group>"; };
		87B7D73D2A650A10006049A7 /* FFViewSafeArea.swift */ = {isa = PBXFileReference; lastKnownFileType = sourcecode.swift; path = FFViewSafeArea.swift; sourceTree = "<group>"; };
		87B7D73F2A650CB9006049A7 /* FFViewType.swift */ = {isa = PBXFileReference; lastKnownFileType = sourcecode.swift; path = FFViewType.swift; sourceTree = "<group>"; };
		87B7D7412A651386006049A7 /* FFViewForEach.swift */ = {isa = PBXFileReference; lastKnownFileType = sourcecode.swift; path = FFViewForEach.swift; sourceTree = "<group>"; };
		87B7D7432A651BE5006049A7 /* FFViewLayoutPriority.swift */ = {isa = PBXFileReference; lastKnownFileType = sourcecode.swift; path = FFViewLayoutPriority.swift; sourceTree = "<group>"; };
		87B7D7452A651E86006049A7 /* FFViewSameWidthHeight.swift */ = {isa = PBXFileReference; lastKnownFileType = sourcecode.swift; path = FFViewSameWidthHeight.swift; sourceTree = "<group>"; };
		87B7D7472A652272006049A7 /* FFViewForegroundStyle.swift */ = {isa = PBXFileReference; lastKnownFileType = sourcecode.swift; path = FFViewForegroundStyle.swift; sourceTree = "<group>"; };
		87B7D7492A652650006049A7 /* FFViewInsertSafeArea.swift */ = {isa = PBXFileReference; lastKnownFileType = sourcecode.swift; path = FFViewInsertSafeArea.swift; sourceTree = "<group>"; };
		87D07C022A64DDCC006F81AE /* FFViewCustomLayout.swift */ = {isa = PBXFileReference; lastKnownFileType = sourcecode.swift; path = FFViewCustomLayout.swift; sourceTree = "<group>"; };
		87D07C042A64E167006F81AE /* FFViewPadding.swift */ = {isa = PBXFileReference; lastKnownFileType = sourcecode.swift; path = FFViewPadding.swift; sourceTree = "<group>"; };
		87D07C062A64E3C9006F81AE /* FFViewGeometryReader.swift */ = {isa = PBXFileReference; lastKnownFileType = sourcecode.swift; path = FFViewGeometryReader.swift; sourceTree = "<group>"; };
		87E25F872A678C7D007B76AE /* FFStackWithLazy.swift */ = {isa = PBXFileReference; lastKnownFileType = sourcecode.swift; path = FFStackWithLazy.swift; sourceTree = "<group>"; };
		87EB0D222A653153006F32D4 /* FFViewhideSystemUI.swift */ = {isa = PBXFileReference; lastKnownFileType = sourcecode.swift; path = FFViewhideSystemUI.swift; sourceTree = "<group>"; };
		87EB0D242A653344006F32D4 /* FFViewGestures.swift */ = {isa = PBXFileReference; lastKnownFileType = sourcecode.swift; path = FFViewGestures.swift; sourceTree = "<group>"; };
		87EC14E52A5BA7D50065B715 /* FFModifier.app */ = {isa = PBXFileReference; explicitFileType = wrapper.application; includeInIndex = 0; path = FFModifier.app; sourceTree = BUILT_PRODUCTS_DIR; };
		87EC14E82A5BA7D50065B715 /* FFModifierApp.swift */ = {isa = PBXFileReference; lastKnownFileType = sourcecode.swift; path = FFModifierApp.swift; sourceTree = "<group>"; };
		87EC14EA2A5BA7D50065B715 /* ContentView.swift */ = {isa = PBXFileReference; lastKnownFileType = sourcecode.swift; path = ContentView.swift; sourceTree = "<group>"; };
		87EC14EC2A5BA7D60065B715 /* Assets.xcassets */ = {isa = PBXFileReference; lastKnownFileType = folder.assetcatalog; path = Assets.xcassets; sourceTree = "<group>"; };
		87EC14EF2A5BA7D60065B715 /* Preview Assets.xcassets */ = {isa = PBXFileReference; lastKnownFileType = folder.assetcatalog; path = "Preview Assets.xcassets"; sourceTree = "<group>"; };
		87EC14F72A5BDB400065B715 /* FFTextAlignment.swift */ = {isa = PBXFileReference; lastKnownFileType = sourcecode.swift; path = FFTextAlignment.swift; sourceTree = "<group>"; };
		87EC14F92A5BDDEA0065B715 /* FFTextFormat.swift */ = {isa = PBXFileReference; lastKnownFileType = sourcecode.swift; path = FFTextFormat.swift; sourceTree = "<group>"; };
		87ECEAFC2A5C17E50092C522 /* FFTextAddSpacing.swift */ = {isa = PBXFileReference; lastKnownFileType = sourcecode.swift; path = FFTextAddSpacing.swift; sourceTree = "<group>"; };
		87ECEAFE2A5C1C8A0092C522 /* FFTextDataFormat.swift */ = {isa = PBXFileReference; lastKnownFileType = sourcecode.swift; path = FFTextDataFormat.swift; sourceTree = "<group>"; };
		87ECEB002A5C1FD40092C522 /* FFTextField.swift */ = {isa = PBXFileReference; lastKnownFileType = sourcecode.swift; path = FFTextField.swift; sourceTree = "<group>"; };
		87ECEB022A5C217C0092C522 /* FFLabel.swift */ = {isa = PBXFileReference; lastKnownFileType = sourcecode.swift; path = FFLabel.swift; sourceTree = "<group>"; };
		87ECEB042A5C245F0092C522 /* FFTextPlaceholder.swift */ = {isa = PBXFileReference; lastKnownFileType = sourcecode.swift; path = FFTextPlaceholder.swift; sourceTree = "<group>"; };
		87ECEB062A5C2B630092C522 /* FFTextPrivasySensitive.swift */ = {isa = PBXFileReference; lastKnownFileType = sourcecode.swift; path = FFTextPrivasySensitive.swift; sourceTree = "<group>"; };
		87ECEB082A5C2D9F0092C522 /* FFTextMarkdown.swift */ = {isa = PBXFileReference; lastKnownFileType = sourcecode.swift; path = FFTextMarkdown.swift; sourceTree = "<group>"; };
		87ECEB0A2A5C315F0092C522 /* FFCustomizeLinks.swift */ = {isa = PBXFileReference; lastKnownFileType = sourcecode.swift; path = FFCustomizeLinks.swift; sourceTree = "<group>"; };
		87ECEB0C2A5CE05C0092C522 /* FFTextUsersSelect.swift */ = {isa = PBXFileReference; lastKnownFileType = sourcecode.swift; path = FFTextUsersSelect.swift; sourceTree = "<group>"; };
		87ECEB132A5D2C010092C522 /* FFImage.swift */ = {isa = PBXFileReference; lastKnownFileType = sourcecode.swift; path = FFImage.swift; sourceTree = "<group>"; };
		87ECEB152A5D30250092C522 /* FFImagefitToSpace.swift */ = {isa = PBXFileReference; lastKnownFileType = sourcecode.swift; path = FFImagefitToSpace.swift; sourceTree = "<group>"; };
		87ECEB172A5D398C0092C522 /* FFImagetile.swift */ = {isa = PBXFileReference; lastKnownFileType = sourcecode.swift; path = FFImagetile.swift; sourceTree = "<group>"; };
		87ECEB192A5D3BFE0092C522 /* FFImageSFSymbols.swift */ = {isa = PBXFileReference; lastKnownFileType = sourcecode.swift; path = FFImageSFSymbols.swift; sourceTree = "<group>"; };
		87ECEB1B2A5D41A30092C522 /* FFImageGradients.swift */ = {isa = PBXFileReference; lastKnownFileType = sourcecode.swift; path = FFImageGradients.swift; sourceTree = "<group>"; };
		87ECEB1D2A5D4E020092C522 /* FFImageBackgrounds.swift */ = {isa = PBXFileReference; lastKnownFileType = sourcecode.swift; path = FFImageBackgrounds.swift; sourceTree = "<group>"; };
		87ECEB1F2A5D64450092C522 /* FFImageShapes.swift */ = {isa = PBXFileReference; lastKnownFileType = sourcecode.swift; path = FFImageShapes.swift; sourceTree = "<group>"; };
		87ECEB212A5D66730092C522 /* FFImageStorkeShapes.swift */ = {isa = PBXFileReference; lastKnownFileType = sourcecode.swift; path = FFImageStorkeShapes.swift; sourceTree = "<group>"; };
		87ECEB232A5D6ACC0092C522 /* FFImageContainerRelativeShape.swift */ = {isa = PBXFileReference; lastKnownFileType = sourcecode.swift; path = FFImageContainerRelativeShape.swift; sourceTree = "<group>"; };
		87ECEB252A5D6AF20092C522 /* FFImageShapeTrim.swift */ = {isa = PBXFileReference; lastKnownFileType = sourcecode.swift; path = FFImageShapeTrim.swift; sourceTree = "<group>"; };
		87ECEB272A5D704E0092C522 /* FFVideoPlayer.swift */ = {isa = PBXFileReference; lastKnownFileType = sourcecode.swift; path = FFVideoPlayer.swift; sourceTree = "<group>"; };
		87ECEB292A5D73290092C522 /* Video.mp4 */ = {isa = PBXFileReference; lastKnownFileType = file; path = Video.mp4; sourceTree = "<group>"; };
		87ECEB2B2A5D75E70092C522 /* FFSpriteView.swift */ = {isa = PBXFileReference; lastKnownFileType = sourcecode.swift; path = FFSpriteView.swift; sourceTree = "<group>"; };
		87ECEB2D2A5D76F70092C522 /* FFGameScene.swift */ = {isa = PBXFileReference; lastKnownFileType = sourcecode.swift; path = FFGameScene.swift; sourceTree = "<group>"; };
/* End PBXFileReference section */

/* Begin PBXFrameworksBuildPhase section */
		87EC14E22A5BA7D50065B715 /* Frameworks */ = {
			isa = PBXFrameworksBuildPhase;
			buildActionMask = 2147483647;
			files = (
			);
			runOnlyForDeploymentPostprocessing = 0;
		};
/* End PBXFrameworksBuildPhase section */

/* Begin PBXGroup section */
		873B8A522A5FCA3400394245 /* Frameworks */ = {
			isa = PBXGroup;
			children = (
				873B8A532A5FCA3400394245 /* WidgetKit.framework */,
				873B8A552A5FCA3400394245 /* SwiftUI.framework */,
			);
			name = Frameworks;
			sourceTree = "<group>";
		};
		876C942B2A6E266200C6AD8B /* UIControls */ = {
			isa = PBXGroup;
			children = (
				876C942C2A6E26D600C6AD8B /* FFState.swift */,
				876C942E2A6E494E00C6AD8B /* FFTappableButton.swift */,
				876C94302A6E4F0800C6AD8B /* FFDisableOverlay.swift */,
				876C94322A6E53E400C6AD8B /* FFButtonsBordered.swift */,
				876C94342A6E559F00C6AD8B /* FFControlGroup.swift */,
				876C94362A6E588300C6AD8B /* FFTextFieldRead.swift */,
				876C94382A6E5A7800C6AD8B /* FFTextFieldSubmit.swift */,
				87A0AB602A6E6DD600772404 /* FFCustomSubmit.swift */,
			);
			path = UIControls;
			sourceTree = "<group>";
		};
		879E1F8E2A667A8A00287EF8 /* Stacks,girds,scrollviews */ = {
			isa = PBXGroup;
			children = (
				87153EBB2A667BBE009C2084 /* FFStackPrimary.swift */,
				87153EBD2A667F09009C2084 /* FFStackSpacingAndAlignment.swift */,
				87153EBF2A668205009C2084 /* FFStackSpacer.swift */,
				873DE21E2A668C2900771D3F /* FFStackSpacerFixedsize.swift */,
				873DE2202A66930900771D3F /* FFStackZ.swift */,
				8788B4372A669D3B0083A85B /* FFStackZIndex.swift */,
				8788B4392A66A0070083A85B /* FFLayoutsSizeClasses.swift */,
				8788B43B2A66B3D80083A85B /* FFStackAutomaticallySwitch.swift */,
				8788B43D2A66BC900083A85B /* FFScrollViewScrolling.swift */,
				8788B43F2A66BFE20083A85B /* FFScrollViewReader.swift */,
				8788B4412A6775520083A85B /* FFStack3DEffects.swift */,
				87E25F872A678C7D007B76AE /* FFStackWithLazy.swift */,
				879AC3F72A67C4A0001B3C43 /* FFGirdPosition.swift */,
				879AC3F92A67CEBC001B3C43 /* FFLazyGridPosition.swift */,
				879AC3FB2A67D686001B3C43 /* FFScrollViewDismissKeyboard.swift */,
				879AC3FD2A67DA8F001B3C43 /* FFScrollViewHideIndicators.swift */,
				879AC3FF2A67DCB5001B3C43 /* FFTableColumn.swift */,
				872DC0A62A67F92A00320AB2 /* FFScrollVIewContent.swift */,
				872DC0A82A67FBDB00320AB2 /* FFScrollViewFlash.swift */,
				872DC0AA2A67FEBF00320AB2 /* FFScrollViewSnap.swift */,
				872DC0AC2A68030D00320AB2 /* FFScrollViewTransition.swift */,
				872DC0AE2A68088B00320AB2 /* FFScrollViewStartBottom.swift */,
				872DC0B02A680A4700320AB2 /* FFScrollViewOverFlow.swift */,
				874AF7FB2A6929990094E1A3 /* File.swift */,
			);
			path = "Stacks,girds,scrollviews";
			sourceTree = "<group>";
		};
		87D07C012A64DD83006F81AE /* Layout */ = {
			isa = PBXGroup;
			children = (
				87D07C022A64DDCC006F81AE /* FFViewCustomLayout.swift */,
				87D07C042A64E167006F81AE /* FFViewPadding.swift */,
				87D07C062A64E3C9006F81AE /* FFViewGeometryReader.swift */,
				87B7D73D2A650A10006049A7 /* FFViewSafeArea.swift */,
				87B7D73F2A650CB9006049A7 /* FFViewType.swift */,
				87B7D7412A651386006049A7 /* FFViewForEach.swift */,
				87B7D7432A651BE5006049A7 /* FFViewLayoutPriority.swift */,
				87B7D7452A651E86006049A7 /* FFViewSameWidthHeight.swift */,
				87B7D7472A652272006049A7 /* FFViewForegroundStyle.swift */,
				87B7D7492A652650006049A7 /* FFViewInsertSafeArea.swift */,
				87EB0D222A653153006F32D4 /* FFViewhideSystemUI.swift */,
				87EB0D242A653344006F32D4 /* FFViewGestures.swift */,
				874710BF2A65431500C073E0 /* FFViewDynamicallyChange.swift */,
				875DD9822A6550C10061D9FB /* FFViewLayoutProtocol.swift */,
				875DD9842A6558F70061D9FB /* FFViewThatFIts.swift */,
				875DD9862A6560CF0061D9FB /* FFViewAddPaddingForSafeArea.swift */,
				875DD9882A6563BD0061D9FB /* FFViewDynamicallyAppearance.swift */,
				875DD98A2A6566DA0061D9FB /* FFViewDynamicallyAppearanceRota.swift */,
				875DD98C2A6568920061D9FB /* FFViewContainerSize.swift */,
			);
			path = Layout;
			sourceTree = "<group>";
		};
		87EC14DC2A5BA7D50065B715 = {
			isa = PBXGroup;
			children = (
				87EC14E72A5BA7D50065B715 /* FFModifier */,
				873B8A522A5FCA3400394245 /* Frameworks */,
				87EC14E62A5BA7D50065B715 /* Products */,
			);
			sourceTree = "<group>";
		};
		87EC14E62A5BA7D50065B715 /* Products */ = {
			isa = PBXGroup;
			children = (
				87EC14E52A5BA7D50065B715 /* FFModifier.app */,
			);
			name = Products;
			sourceTree = "<group>";
		};
		87EC14E72A5BA7D50065B715 /* FFModifier */ = {
			isa = PBXGroup;
			children = (
				87EC14E82A5BA7D50065B715 /* FFModifierApp.swift */,
				87EC14EC2A5BA7D60065B715 /* Assets.xcassets */,
				87ECEB292A5D73290092C522 /* Video.mp4 */,
				87EC14F62A5BDB1D0065B715 /* Text */,
				87ECEB122A5D2BA50092C522 /* Image */,
				87D07C012A64DD83006F81AE /* Layout */,
				879E1F8E2A667A8A00287EF8 /* Stacks,girds,scrollviews */,
				876C942B2A6E266200C6AD8B /* UIControls */,
				87EC14EE2A5BA7D60065B715 /* Preview Content */,
			);
			path = FFModifier;
			sourceTree = "<group>";
		};
		87EC14EE2A5BA7D60065B715 /* Preview Content */ = {
			isa = PBXGroup;
			children = (
				87EC14EF2A5BA7D60065B715 /* Preview Assets.xcassets */,
			);
			path = "Preview Content";
			sourceTree = "<group>";
		};
		87EC14F62A5BDB1D0065B715 /* Text */ = {
			isa = PBXGroup;
			children = (
				87EC14EA2A5BA7D50065B715 /* ContentView.swift */,
				87EC14F72A5BDB400065B715 /* FFTextAlignment.swift */,
				87EC14F92A5BDDEA0065B715 /* FFTextFormat.swift */,
				87ECEAFC2A5C17E50092C522 /* FFTextAddSpacing.swift */,
				87ECEAFE2A5C1C8A0092C522 /* FFTextDataFormat.swift */,
				87ECEB002A5C1FD40092C522 /* FFTextField.swift */,
				87ECEB022A5C217C0092C522 /* FFLabel.swift */,
				87ECEB042A5C245F0092C522 /* FFTextPlaceholder.swift */,
				87ECEB062A5C2B630092C522 /* FFTextPrivasySensitive.swift */,
				87ECEB082A5C2D9F0092C522 /* FFTextMarkdown.swift */,
				87ECEB0A2A5C315F0092C522 /* FFCustomizeLinks.swift */,
				87ECEB0C2A5CE05C0092C522 /* FFTextUsersSelect.swift */,
			);
			path = Text;
			sourceTree = "<group>";
		};
		87ECEB122A5D2BA50092C522 /* Image */ = {
			isa = PBXGroup;
			children = (
				87ECEB132A5D2C010092C522 /* FFImage.swift */,
				87ECEB152A5D30250092C522 /* FFImagefitToSpace.swift */,
				87ECEB172A5D398C0092C522 /* FFImagetile.swift */,
				87ECEB192A5D3BFE0092C522 /* FFImageSFSymbols.swift */,
				87ECEB1B2A5D41A30092C522 /* FFImageGradients.swift */,
				87ECEB1D2A5D4E020092C522 /* FFImageBackgrounds.swift */,
				87ECEB1F2A5D64450092C522 /* FFImageShapes.swift */,
				87ECEB212A5D66730092C522 /* FFImageStorkeShapes.swift */,
				87ECEB252A5D6AF20092C522 /* FFImageShapeTrim.swift */,
				87ECEB232A5D6ACC0092C522 /* FFImageContainerRelativeShape.swift */,
				87ECEB272A5D704E0092C522 /* FFVideoPlayer.swift */,
				87ECEB2B2A5D75E70092C522 /* FFSpriteView.swift */,
				87ECEB2D2A5D76F70092C522 /* FFGameScene.swift */,
				873B8A392A5E8A9300394245 /* FFImageRemoteUrl.swift */,
				873B8A3B2A5E9C8200394245 /* FFImageTransparency.swift */,
				873B8A3D2A5EA13300394245 /* FFImageDynamicColor.swift */,
				873B8A3F2A5EA7DB00394245 /* FFImagePhotosPicker.swift */,
				873B8A412A5EB18F00394245 /* FFImageVideo.swift */,
				873B8A432A5EBD5D00394245 /* FFSFAminate.swift */,
				873B8A452A5F814F00394245 /* FFColorWithGETRGB.swift */,
				873B8A472A5F885000394245 /* FFCombinShape.swift */,
				873B8A492A5F8D6C00394245 /* SwiftCustomColorWithAsset.swift */,
				873B8A4B2A5F955300394245 /* Temp.swift */,
			);
			path = Image;
			sourceTree = "<group>";
		};
/* End PBXGroup section */

/* Begin PBXNativeTarget section */
		87EC14E42A5BA7D50065B715 /* FFModifier */ = {
			isa = PBXNativeTarget;
			buildConfigurationList = 87EC14F32A5BA7D60065B715 /* Build configuration list for PBXNativeTarget "FFModifier" */;
			buildPhases = (
				87EC14E12A5BA7D50065B715 /* Sources */,
				87EC14E22A5BA7D50065B715 /* Frameworks */,
				87EC14E32A5BA7D50065B715 /* Resources */,
				873B8A672A5FCA3600394245 /* Embed Foundation Extensions */,
			);
			buildRules = (
			);
			dependencies = (
			);
			name = FFModifier;
			productName = FFModifier;
			productReference = 87EC14E52A5BA7D50065B715 /* FFModifier.app */;
			productType = "com.apple.product-type.application";
		};
/* End PBXNativeTarget section */

/* Begin PBXProject section */
		87EC14DD2A5BA7D50065B715 /* Project object */ = {
			isa = PBXProject;
			attributes = {
				BuildIndependentTargetsInParallel = 1;
				LastSwiftUpdateCheck = 1500;
				LastUpgradeCheck = 1500;
				TargetAttributes = {
					87EC14E42A5BA7D50065B715 = {
						CreatedOnToolsVersion = 15.0;
					};
				};
			};
			buildConfigurationList = 87EC14E02A5BA7D50065B715 /* Build configuration list for PBXProject "FFModifier" */;
			compatibilityVersion = "Xcode 14.0";
			developmentRegion = en;
			hasScannedForEncodings = 0;
			knownRegions = (
				en,
				Base,
			);
			mainGroup = 87EC14DC2A5BA7D50065B715;
			productRefGroup = 87EC14E62A5BA7D50065B715 /* Products */;
			projectDirPath = "";
			projectRoot = "";
			targets = (
				87EC14E42A5BA7D50065B715 /* FFModifier */,
			);
		};
/* End PBXProject section */

/* Begin PBXResourcesBuildPhase section */
		87EC14E32A5BA7D50065B715 /* Resources */ = {
			isa = PBXResourcesBuildPhase;
			buildActionMask = 2147483647;
			files = (
				87EC14F02A5BA7D60065B715 /* Preview Assets.xcassets in Resources */,
				87EC14ED2A5BA7D60065B715 /* Assets.xcassets in Resources */,
				87ECEB2A2A5D73290092C522 /* Video.mp4 in Resources */,
			);
			runOnlyForDeploymentPostprocessing = 0;
		};
/* End PBXResourcesBuildPhase section */

/* Begin PBXSourcesBuildPhase section */
		87EC14E12A5BA7D50065B715 /* Sources */ = {
			isa = PBXSourcesBuildPhase;
			buildActionMask = 2147483647;
			files = (
				87B7D7462A651E86006049A7 /* FFViewSameWidthHeight.swift in Sources */,
				87ECEB1E2A5D4E020092C522 /* FFImageBackgrounds.swift in Sources */,
				8788B4382A669D3B0083A85B /* FFStackZIndex.swift in Sources */,
				875DD9872A6560CF0061D9FB /* FFViewAddPaddingForSafeArea.swift in Sources */,
				87D07C072A64E3C9006F81AE /* FFViewGeometryReader.swift in Sources */,
				87B7D74A2A652650006049A7 /* FFViewInsertSafeArea.swift in Sources */,
				87EC14EB2A5BA7D50065B715 /* ContentView.swift in Sources */,
				879AC3FA2A67CEBC001B3C43 /* FFLazyGridPosition.swift in Sources */,
				87A0AB612A6E6DD600772404 /* FFCustomSubmit.swift in Sources */,
				87ECEAFF2A5C1C8A0092C522 /* FFTextDataFormat.swift in Sources */,
				87ECEB072A5C2B630092C522 /* FFTextPrivasySensitive.swift in Sources */,
				87ECEB262A5D6AF20092C522 /* FFImageShapeTrim.swift in Sources */,
				87EB0D252A653344006F32D4 /* FFViewGestures.swift in Sources */,
				873B8A3C2A5E9C8200394245 /* FFImageTransparency.swift in Sources */,
				87D07C052A64E167006F81AE /* FFViewPadding.swift in Sources */,
				87ECEB142A5D2C010092C522 /* FFImage.swift in Sources */,
				875DD98D2A6568920061D9FB /* FFViewContainerSize.swift in Sources */,
				8788B43A2A66A0070083A85B /* FFLayoutsSizeClasses.swift in Sources */,
				87ECEB282A5D704E0092C522 /* FFVideoPlayer.swift in Sources */,
				876C94332A6E53E400C6AD8B /* FFButtonsBordered.swift in Sources */,
				87153EBC2A667BBE009C2084 /* FFStackPrimary.swift in Sources */,
				875DD98B2A6566DA0061D9FB /* FFViewDynamicallyAppearanceRota.swift in Sources */,
				876C94352A6E559F00C6AD8B /* FFControlGroup.swift in Sources */,
				872DC0A72A67F92A00320AB2 /* FFScrollVIewContent.swift in Sources */,
				87ECEB012A5C1FD40092C522 /* FFTextField.swift in Sources */,
				872DC0AF2A68088B00320AB2 /* FFScrollViewStartBottom.swift in Sources */,
				8788B4402A66BFE20083A85B /* FFScrollViewReader.swift in Sources */,
				87ECEAFD2A5C17E50092C522 /* FFTextAddSpacing.swift in Sources */,
				873B8A402A5EA7DB00394245 /* FFImagePhotosPicker.swift in Sources */,
				873B8A4C2A5F955300394245 /* Temp.swift in Sources */,
				873B8A4A2A5F8D6C00394245 /* SwiftCustomColorWithAsset.swift in Sources */,
				87ECEB0D2A5CE05C0092C522 /* FFTextUsersSelect.swift in Sources */,
				87ECEB032A5C217C0092C522 /* FFLabel.swift in Sources */,
				87EC14E92A5BA7D50065B715 /* FFModifierApp.swift in Sources */,
				87ECEB2C2A5D75E70092C522 /* FFSpriteView.swift in Sources */,
				873B8A482A5F885000394245 /* FFCombinShape.swift in Sources */,
				87EB0D232A653153006F32D4 /* FFViewhideSystemUI.swift in Sources */,
				876C94372A6E588300C6AD8B /* FFTextFieldRead.swift in Sources */,
				879AC4002A67DCB5001B3C43 /* FFTableColumn.swift in Sources */,
				875DD9852A6558F70061D9FB /* FFViewThatFIts.swift in Sources */,
				873DE2212A66930900771D3F /* FFStackZ.swift in Sources */,
				876C942D2A6E26D600C6AD8B /* FFState.swift in Sources */,
				874AF7FC2A6929990094E1A3 /* File.swift in Sources */,
				876C94312A6E4F0800C6AD8B /* FFDisableOverlay.swift in Sources */,
				873B8A422A5EB18F00394245 /* FFImageVideo.swift in Sources */,
				873B8A442A5EBD5D00394245 /* FFSFAminate.swift in Sources */,
				87ECEB1C2A5D41A30092C522 /* FFImageGradients.swift in Sources */,
				87ECEB182A5D398C0092C522 /* FFImagetile.swift in Sources */,
				87ECEB0B2A5C315F0092C522 /* FFCustomizeLinks.swift in Sources */,
				87B7D7482A652272006049A7 /* FFViewForegroundStyle.swift in Sources */,
				872DC0AB2A67FEBF00320AB2 /* FFScrollViewSnap.swift in Sources */,
				8788B43C2A66B3D80083A85B /* FFStackAutomaticallySwitch.swift in Sources */,
				87ECEB202A5D64450092C522 /* FFImageShapes.swift in Sources */,
				87EC14F82A5BDB400065B715 /* FFTextAlignment.swift in Sources */,
				875DD9832A6550C10061D9FB /* FFViewLayoutProtocol.swift in Sources */,
				87ECEB2E2A5D76F70092C522 /* FFGameScene.swift in Sources */,
				873B8A3E2A5EA13300394245 /* FFImageDynamicColor.swift in Sources */,
				873B8A3A2A5E8A9300394245 /* FFImageRemoteUrl.swift in Sources */,
				876C94392A6E5A7800C6AD8B /* FFTextFieldSubmit.swift in Sources */,
				879AC3F82A67C4A0001B3C43 /* FFGirdPosition.swift in Sources */,
				872DC0A92A67FBDB00320AB2 /* FFScrollViewFlash.swift in Sources */,
				875DD9892A6563BD0061D9FB /* FFViewDynamicallyAppearance.swift in Sources */,
				87153EBE2A667F09009C2084 /* FFStackSpacingAndAlignment.swift in Sources */,
				87EC14FA2A5BDDEA0065B715 /* FFTextFormat.swift in Sources */,
				879AC3FC2A67D686001B3C43 /* FFScrollViewDismissKeyboard.swift in Sources */,
				876C942F2A6E494E00C6AD8B /* FFTappableButton.swift in Sources */,
				87B7D7442A651BE5006049A7 /* FFViewLayoutPriority.swift in Sources */,
				873DE21F2A668C2900771D3F /* FFStackSpacerFixedsize.swift in Sources */,
				872DC0B12A680A4700320AB2 /* FFScrollViewOverFlow.swift in Sources */,
				87E25F882A678C7D007B76AE /* FFStackWithLazy.swift in Sources */,
				87ECEB052A5C245F0092C522 /* FFTextPlaceholder.swift in Sources */,
				87ECEB242A5D6ACC0092C522 /* FFImageContainerRelativeShape.swift in Sources */,
				87ECEB1A2A5D3BFE0092C522 /* FFImageSFSymbols.swift in Sources */,
				879AC3FE2A67DA8F001B3C43 /* FFScrollViewHideIndicators.swift in Sources */,
				87ECEB162A5D30250092C522 /* FFImagefitToSpace.swift in Sources */,
				873B8A462A5F814F00394245 /* FFColorWithGETRGB.swift in Sources */,
				87ECEB092A5C2D9F0092C522 /* FFTextMarkdown.swift in Sources */,
				87ECEB222A5D66730092C522 /* FFImageStorkeShapes.swift in Sources */,
				8788B43E2A66BC900083A85B /* FFScrollViewScrolling.swift in Sources */,
				872DC0AD2A68030D00320AB2 /* FFScrollViewTransition.swift in Sources */,
				87B7D73E2A650A10006049A7 /* FFViewSafeArea.swift in Sources */,
				8788B4422A6775520083A85B /* FFStack3DEffects.swift in Sources */,
				87B7D7422A651386006049A7 /* FFViewForEach.swift in Sources */,
				87B7D7402A650CB9006049A7 /* FFViewType.swift in Sources */,
				874710C02A65431500C073E0 /* FFViewDynamicallyChange.swift in Sources */,
				87153EC02A668205009C2084 /* FFStackSpacer.swift in Sources */,
				87D07C032A64DDCC006F81AE /* FFViewCustomLayout.swift in Sources */,
			);
			runOnlyForDeploymentPostprocessing = 0;
		};
/* End PBXSourcesBuildPhase section */

/* Begin XCBuildConfiguration section */
		87EC14F12A5BA7D60065B715 /* Debug */ = {
			isa = XCBuildConfiguration;
			buildSettings = {
				ALWAYS_SEARCH_USER_PATHS = NO;
				ASSETCATALOG_COMPILER_GENERATE_SWIFT_ASSET_SYMBOL_EXTENSIONS = YES;
				CLANG_ANALYZER_NONNULL = YES;
				CLANG_ANALYZER_NUMBER_OBJECT_CONVERSION = YES_AGGRESSIVE;
				CLANG_CXX_LANGUAGE_STANDARD = "gnu++20";
				CLANG_ENABLE_MODULES = YES;
				CLANG_ENABLE_OBJC_ARC = YES;
				CLANG_ENABLE_OBJC_WEAK = YES;
				CLANG_WARN_BLOCK_CAPTURE_AUTORELEASING = YES;
				CLANG_WARN_BOOL_CONVERSION = YES;
				CLANG_WARN_COMMA = YES;
				CLANG_WARN_CONSTANT_CONVERSION = YES;
				CLANG_WARN_DEPRECATED_OBJC_IMPLEMENTATIONS = YES;
				CLANG_WARN_DIRECT_OBJC_ISA_USAGE = YES_ERROR;
				CLANG_WARN_DOCUMENTATION_COMMENTS = YES;
				CLANG_WARN_EMPTY_BODY = YES;
				CLANG_WARN_ENUM_CONVERSION = YES;
				CLANG_WARN_INFINITE_RECURSION = YES;
				CLANG_WARN_INT_CONVERSION = YES;
				CLANG_WARN_NON_LITERAL_NULL_CONVERSION = YES;
				CLANG_WARN_OBJC_IMPLICIT_RETAIN_SELF = YES;
				CLANG_WARN_OBJC_LITERAL_CONVERSION = YES;
				CLANG_WARN_OBJC_ROOT_CLASS = YES_ERROR;
				CLANG_WARN_QUOTED_INCLUDE_IN_FRAMEWORK_HEADER = YES;
				CLANG_WARN_RANGE_LOOP_ANALYSIS = YES;
				CLANG_WARN_STRICT_PROTOTYPES = YES;
				CLANG_WARN_SUSPICIOUS_MOVE = YES;
				CLANG_WARN_UNGUARDED_AVAILABILITY = YES_AGGRESSIVE;
				CLANG_WARN_UNREACHABLE_CODE = YES;
				CLANG_WARN__DUPLICATE_METHOD_MATCH = YES;
				COPY_PHASE_STRIP = NO;
				DEBUG_INFORMATION_FORMAT = dwarf;
				ENABLE_STRICT_OBJC_MSGSEND = YES;
				ENABLE_TESTABILITY = YES;
				ENABLE_USER_SCRIPT_SANDBOXING = YES;
				GCC_C_LANGUAGE_STANDARD = gnu17;
				GCC_DYNAMIC_NO_PIC = NO;
				GCC_NO_COMMON_BLOCKS = YES;
				GCC_OPTIMIZATION_LEVEL = 0;
				GCC_PREPROCESSOR_DEFINITIONS = (
					"DEBUG=1",
					"$(inherited)",
				);
				GCC_WARN_64_TO_32_BIT_CONVERSION = YES;
				GCC_WARN_ABOUT_RETURN_TYPE = YES_ERROR;
				GCC_WARN_UNDECLARED_SELECTOR = YES;
				GCC_WARN_UNINITIALIZED_AUTOS = YES_AGGRESSIVE;
				GCC_WARN_UNUSED_FUNCTION = YES;
				GCC_WARN_UNUSED_VARIABLE = YES;
				IPHONEOS_DEPLOYMENT_TARGET = 17.0;
				LOCALIZATION_PREFERS_STRING_CATALOGS = YES;
				MTL_ENABLE_DEBUG_INFO = INCLUDE_SOURCE;
				MTL_FAST_MATH = YES;
				ONLY_ACTIVE_ARCH = YES;
				SDKROOT = iphoneos;
				SWIFT_ACTIVE_COMPILATION_CONDITIONS = "DEBUG $(inherited)";
				SWIFT_OPTIMIZATION_LEVEL = "-Onone";
			};
			name = Debug;
		};
		87EC14F22A5BA7D60065B715 /* Release */ = {
			isa = XCBuildConfiguration;
			buildSettings = {
				ALWAYS_SEARCH_USER_PATHS = NO;
				ASSETCATALOG_COMPILER_GENERATE_SWIFT_ASSET_SYMBOL_EXTENSIONS = YES;
				CLANG_ANALYZER_NONNULL = YES;
				CLANG_ANALYZER_NUMBER_OBJECT_CONVERSION = YES_AGGRESSIVE;
				CLANG_CXX_LANGUAGE_STANDARD = "gnu++20";
				CLANG_ENABLE_MODULES = YES;
				CLANG_ENABLE_OBJC_ARC = YES;
				CLANG_ENABLE_OBJC_WEAK = YES;
				CLANG_WARN_BLOCK_CAPTURE_AUTORELEASING = YES;
				CLANG_WARN_BOOL_CONVERSION = YES;
				CLANG_WARN_COMMA = YES;
				CLANG_WARN_CONSTANT_CONVERSION = YES;
				CLANG_WARN_DEPRECATED_OBJC_IMPLEMENTATIONS = YES;
				CLANG_WARN_DIRECT_OBJC_ISA_USAGE = YES_ERROR;
				CLANG_WARN_DOCUMENTATION_COMMENTS = YES;
				CLANG_WARN_EMPTY_BODY = YES;
				CLANG_WARN_ENUM_CONVERSION = YES;
				CLANG_WARN_INFINITE_RECURSION = YES;
				CLANG_WARN_INT_CONVERSION = YES;
				CLANG_WARN_NON_LITERAL_NULL_CONVERSION = YES;
				CLANG_WARN_OBJC_IMPLICIT_RETAIN_SELF = YES;
				CLANG_WARN_OBJC_LITERAL_CONVERSION = YES;
				CLANG_WARN_OBJC_ROOT_CLASS = YES_ERROR;
				CLANG_WARN_QUOTED_INCLUDE_IN_FRAMEWORK_HEADER = YES;
				CLANG_WARN_RANGE_LOOP_ANALYSIS = YES;
				CLANG_WARN_STRICT_PROTOTYPES = YES;
				CLANG_WARN_SUSPICIOUS_MOVE = YES;
				CLANG_WARN_UNGUARDED_AVAILABILITY = YES_AGGRESSIVE;
				CLANG_WARN_UNREACHABLE_CODE = YES;
				CLANG_WARN__DUPLICATE_METHOD_MATCH = YES;
				COPY_PHASE_STRIP = NO;
				DEBUG_INFORMATION_FORMAT = "dwarf-with-dsym";
				ENABLE_NS_ASSERTIONS = NO;
				ENABLE_STRICT_OBJC_MSGSEND = YES;
				ENABLE_USER_SCRIPT_SANDBOXING = YES;
				GCC_C_LANGUAGE_STANDARD = gnu17;
				GCC_NO_COMMON_BLOCKS = YES;
				GCC_WARN_64_TO_32_BIT_CONVERSION = YES;
				GCC_WARN_ABOUT_RETURN_TYPE = YES_ERROR;
				GCC_WARN_UNDECLARED_SELECTOR = YES;
				GCC_WARN_UNINITIALIZED_AUTOS = YES_AGGRESSIVE;
				GCC_WARN_UNUSED_FUNCTION = YES;
				GCC_WARN_UNUSED_VARIABLE = YES;
				IPHONEOS_DEPLOYMENT_TARGET = 17.0;
				LOCALIZATION_PREFERS_STRING_CATALOGS = YES;
				MTL_ENABLE_DEBUG_INFO = NO;
				MTL_FAST_MATH = YES;
				SDKROOT = iphoneos;
				SWIFT_COMPILATION_MODE = wholemodule;
				VALIDATE_PRODUCT = YES;
			};
			name = Release;
		};
		87EC14F42A5BA7D60065B715 /* Debug */ = {
			isa = XCBuildConfiguration;
			buildSettings = {
				ASSETCATALOG_COMPILER_APPICON_NAME = AppIcon;
				ASSETCATALOG_COMPILER_GLOBAL_ACCENT_COLOR_NAME = AccentColor;
				CODE_SIGN_STYLE = Automatic;
				CURRENT_PROJECT_VERSION = 1;
				DEVELOPMENT_ASSET_PATHS = "\"FFModifier/Preview Content\"";
				DEVELOPMENT_TEAM = 6TR9324593;
				ENABLE_PREVIEWS = YES;
				GENERATE_INFOPLIST_FILE = YES;
				INFOPLIST_KEY_UIApplicationSceneManifest_Generation = YES;
				INFOPLIST_KEY_UIApplicationSupportsIndirectInputEvents = YES;
				INFOPLIST_KEY_UILaunchScreen_Generation = YES;
				INFOPLIST_KEY_UISupportedInterfaceOrientations_iPad = "UIInterfaceOrientationPortrait UIInterfaceOrientationPortraitUpsideDown UIInterfaceOrientationLandscapeLeft UIInterfaceOrientationLandscapeRight";
				INFOPLIST_KEY_UISupportedInterfaceOrientations_iPhone = "UIInterfaceOrientationPortrait UIInterfaceOrientationLandscapeLeft UIInterfaceOrientationLandscapeRight";
				LD_RUNPATH_SEARCH_PATHS = (
					"$(inherited)",
					"@executable_path/Frameworks",
				);
				MARKETING_VERSION = 1.0;
				PRODUCT_BUNDLE_IDENTIFIER = com.meta.bblv.FFModifier;
				PRODUCT_NAME = "$(TARGET_NAME)";
				SWIFT_EMIT_LOC_STRINGS = YES;
				SWIFT_VERSION = 5.0;
				TARGETED_DEVICE_FAMILY = "1,2";
			};
			name = Debug;
		};
		87EC14F52A5BA7D60065B715 /* Release */ = {
			isa = XCBuildConfiguration;
			buildSettings = {
				ASSETCATALOG_COMPILER_APPICON_NAME = AppIcon;
				ASSETCATALOG_COMPILER_GLOBAL_ACCENT_COLOR_NAME = AccentColor;
				CODE_SIGN_STYLE = Automatic;
				CURRENT_PROJECT_VERSION = 1;
				DEVELOPMENT_ASSET_PATHS = "\"FFModifier/Preview Content\"";
				DEVELOPMENT_TEAM = 6TR9324593;
				ENABLE_PREVIEWS = YES;
				GENERATE_INFOPLIST_FILE = YES;
				INFOPLIST_KEY_UIApplicationSceneManifest_Generation = YES;
				INFOPLIST_KEY_UIApplicationSupportsIndirectInputEvents = YES;
				INFOPLIST_KEY_UILaunchScreen_Generation = YES;
				INFOPLIST_KEY_UISupportedInterfaceOrientations_iPad = "UIInterfaceOrientationPortrait UIInterfaceOrientationPortraitUpsideDown UIInterfaceOrientationLandscapeLeft UIInterfaceOrientationLandscapeRight";
				INFOPLIST_KEY_UISupportedInterfaceOrientations_iPhone = "UIInterfaceOrientationPortrait UIInterfaceOrientationLandscapeLeft UIInterfaceOrientationLandscapeRight";
				LD_RUNPATH_SEARCH_PATHS = (
					"$(inherited)",
					"@executable_path/Frameworks",
				);
				MARKETING_VERSION = 1.0;
				PRODUCT_BUNDLE_IDENTIFIER = com.meta.bblv.FFModifier;
				PRODUCT_NAME = "$(TARGET_NAME)";
				SWIFT_EMIT_LOC_STRINGS = YES;
				SWIFT_VERSION = 5.0;
				TARGETED_DEVICE_FAMILY = "1,2";
			};
			name = Release;
		};
/* End XCBuildConfiguration section */

/* Begin XCConfigurationList section */
		87EC14E02A5BA7D50065B715 /* Build configuration list for PBXProject "FFModifier" */ = {
			isa = XCConfigurationList;
			buildConfigurations = (
				87EC14F12A5BA7D60065B715 /* Debug */,
				87EC14F22A5BA7D60065B715 /* Release */,
			);
			defaultConfigurationIsVisible = 0;
			defaultConfigurationName = Release;
		};
		87EC14F32A5BA7D60065B715 /* Build configuration list for PBXNativeTarget "FFModifier" */ = {
			isa = XCConfigurationList;
			buildConfigurations = (
				87EC14F42A5BA7D60065B715 /* Debug */,
				87EC14F52A5BA7D60065B715 /* Release */,
			);
			defaultConfigurationIsVisible = 0;
			defaultConfigurationName = Release;
		};
/* End XCConfigurationList section */
	};
	rootObject = 87EC14DD2A5BA7D50065B715 /* Project object */;
}
